
Microsoft Visual Studio Solution File, Format Version 12.00
# Visual Studio Version 17
VisualStudioVersion = 17.8.34322.80
MinimumVisualStudioVersion = 10.0.40219.1
Project("{FAE04EC0-301F-11D3-BF4B-00C04F79EFBC}") = "menu_profesor_estudiante", "menu_profesor_estudiante\menu_profesor_estudiante.csproj", "{7394E105-A5CE-4F31-9614-A6AB2631BFB4}"
EndProject
Global
	GlobalSection(SolutionConfigurationPlatforms) = preSolution
		Debug|Any CPU = Debug|Any CPU
		Release|Any CPU = Release|Any CPU
	EndGlobalSection
	GlobalSection(ProjectConfigurationPlatforms) = postSolution
		{7394E105-A5CE-4F31-9614-A6AB2631BFB4}.Debug|Any CPU.ActiveCfg = Debug|Any CPU
		{7394E105-A5CE-4F31-9614-A6AB2631BFB4}.Debug|Any CPU.Build.0 = Debug|Any CPU
		{7394E105-A5CE-4F31-9614-A6AB2631BFB4}.Release|Any CPU.ActiveCfg = Release|Any CPU
		{7394E105-A5CE-4F31-9614-A6AB2631BFB4}.Release|Any CPU.Build.0 = Release|Any CPU
	EndGlobalSection
	GlobalSection(SolutionProperties) = preSolution
		HideSolutionNode = FALSE
	EndGlobalSection
	GlobalSection(ExtensibilityGlobals) = postSolution
		SolutionGuid = {0B5B7A72-B65C-4677-BE0E-067B6CB1DEC5}
	EndGlobalSection
EndGlobal
